// !$*UTF8*$!
{
	archiveVersion = 1;
	classes = {
	};
	objectVersion = 46;
	objects = {

/* Begin PBXBuildFile section */
		C08C53B01648414700D34A58 /* UIKit.framework in Frameworks */ = {isa = PBXBuildFile; fileRef = C08C53AF1648414700D34A58 /* UIKit.framework */; };
		C08C53B21648414700D34A58 /* Foundation.framework in Frameworks */ = {isa = PBXBuildFile; fileRef = C08C53B11648414700D34A58 /* Foundation.framework */; };
		C08C53B41648414700D34A58 /* CoreGraphics.framework in Frameworks */ = {isa = PBXBuildFile; fileRef = C08C53B31648414700D34A58 /* CoreGraphics.framework */; };
		C08C53B61648414700D34A58 /* CoreData.framework in Frameworks */ = {isa = PBXBuildFile; fileRef = C08C53B51648414700D34A58 /* CoreData.framework */; };
		C08C53BC1648414700D34A58 /* InfoPlist.strings in Resources */ = {isa = PBXBuildFile; fileRef = C08C53BA1648414700D34A58 /* InfoPlist.strings */; };
		C08C53BE1648414700D34A58 /* main.m in Sources */ = {isa = PBXBuildFile; fileRef = C08C53BD1648414700D34A58 /* main.m */; };
		C08C53C21648414800D34A58 /* CCAppDelegate.m in Sources */ = {isa = PBXBuildFile; fileRef = C08C53C11648414800D34A58 /* CCAppDelegate.m */; };
		C08C53C41648414800D34A58 /* Default.png in Resources */ = {isa = PBXBuildFile; fileRef = C08C53C31648414800D34A58 /* Default.png */; };
		C08C53C61648414800D34A58 /* Default@2x.png in Resources */ = {isa = PBXBuildFile; fileRef = C08C53C51648414800D34A58 /* Default@2x.png */; };
		C08C53C81648414800D34A58 /* Default-568h@2x.png in Resources */ = {isa = PBXBuildFile; fileRef = C08C53C71648414800D34A58 /* Default-568h@2x.png */; };
		C08C53CB1648414800D34A58 /* MainStoryboard.storyboard in Resources */ = {isa = PBXBuildFile; fileRef = C08C53C91648414800D34A58 /* MainStoryboard.storyboard */; };
		C08C53CE1648414800D34A58 /* xmasWishlist.xcdatamodeld in Sources */ = {isa = PBXBuildFile; fileRef = C08C53CC1648414800D34A58 /* xmasWishlist.xcdatamodeld */; };
		C08C53D11648414800D34A58 /* CCMasterViewController.m in Sources */ = {isa = PBXBuildFile; fileRef = C08C53D01648414800D34A58 /* CCMasterViewController.m */; };
		C08C53D41648414800D34A58 /* CCDetailViewController.m in Sources */ = {isa = PBXBuildFile; fileRef = C08C53D31648414800D34A58 /* CCDetailViewController.m */; };
		C08C53EB1648535800D34A58 /* backgroundDesign.png in Resources */ = {isa = PBXBuildFile; fileRef = C08C53E01648535800D34A58 /* backgroundDesign.png */; };
		C08C53EC1648535800D34A58 /* backgroundDesign@2x.png in Resources */ = {isa = PBXBuildFile; fileRef = C08C53E11648535800D34A58 /* backgroundDesign@2x.png */; };
		C08C53ED1648535800D34A58 /* Default.png in Resources */ = {isa = PBXBuildFile; fileRef = C08C53E21648535800D34A58 /* Default.png */; };
		C08C53EE1648535800D34A58 /* Default@2x.png in Resources */ = {isa = PBXBuildFile; fileRef = C08C53E31648535800D34A58 /* Default@2x.png */; };
		C08C53EF1648535800D34A58 /* Icon-72.png in Resources */ = {isa = PBXBuildFile; fileRef = C08C53E41648535800D34A58 /* Icon-72.png */; };
		C08C53F01648535800D34A58 /* Icon.png in Resources */ = {isa = PBXBuildFile; fileRef = C08C53E51648535800D34A58 /* Icon.png */; };
		C08C53F11648535800D34A58 /* Icon@2x.png in Resources */ = {isa = PBXBuildFile; fileRef = C08C53E61648535800D34A58 /* Icon@2x.png */; };
		C08C53F21648535800D34A58 /* listBackground.png in Resources */ = {isa = PBXBuildFile; fileRef = C08C53E71648535800D34A58 /* listBackground.png */; };
		C08C53F31648535800D34A58 /* listBackground@2x.png in Resources */ = {isa = PBXBuildFile; fileRef = C08C53E81648535800D34A58 /* listBackground@2x.png */; };
		C08C53F41648535800D34A58 /* scanBackground.png in Resources */ = {isa = PBXBuildFile; fileRef = C08C53E91648535800D34A58 /* scanBackground.png */; };
		C08C53F51648535800D34A58 /* scanBackground@2x.png in Resources */ = {isa = PBXBuildFile; fileRef = C08C53EA1648535800D34A58 /* scanBackground@2x.png */; };
		C08C54071648542F00D34A58 /* facebook.png in Resources */ = {isa = PBXBuildFile; fileRef = C08C54011648542F00D34A58 /* facebook.png */; };
		C08C54081648542F00D34A58 /* facebook@2x.png in Resources */ = {isa = PBXBuildFile; fileRef = C08C54021648542F00D34A58 /* facebook@2x.png */; };
		C08C54091648542F00D34A58 /* scanButton.png in Resources */ = {isa = PBXBuildFile; fileRef = C08C54031648542F00D34A58 /* scanButton.png */; };
		C08C540A1648542F00D34A58 /* scanButton@2x.png in Resources */ = {isa = PBXBuildFile; fileRef = C08C54041648542F00D34A58 /* scanButton@2x.png */; };
		C08C540B1648542F00D34A58 /* twitter.png in Resources */ = {isa = PBXBuildFile; fileRef = C08C54051648542F00D34A58 /* twitter.png */; };
		C08C540C1648542F00D34A58 /* twitter@2x.png in Resources */ = {isa = PBXBuildFile; fileRef = C08C54061648542F00D34A58 /* twitter@2x.png */; };
		C08C54101648583A00D34A58 /* bottom.png in Resources */ = {isa = PBXBuildFile; fileRef = C08C540E1648583A00D34A58 /* bottom.png */; };
		C08C54111648583A00D34A58 /* bottom@2x.png in Resources */ = {isa = PBXBuildFile; fileRef = C08C540F1648583A00D34A58 /* bottom@2x.png */; };
		C08C54181648584900D34A58 /* boxbutton.png in Resources */ = {isa = PBXBuildFile; fileRef = C08C54121648584900D34A58 /* boxbutton.png */; };
		C08C54191648584900D34A58 /* boxbutton@2x.png in Resources */ = {isa = PBXBuildFile; fileRef = C08C54131648584900D34A58 /* boxbutton@2x.png */; };
		C08C541A1648584900D34A58 /* calendarbutton.png in Resources */ = {isa = PBXBuildFile; fileRef = C08C54141648584900D34A58 /* calendarbutton.png */; };
		C08C541B1648584900D34A58 /* calendarbutton@2x.png in Resources */ = {isa = PBXBuildFile; fileRef = C08C54151648584900D34A58 /* calendarbutton@2x.png */; };
		C08C541C1648584900D34A58 /* treebutton.png in Resources */ = {isa = PBXBuildFile; fileRef = C08C54161648584900D34A58 /* treebutton.png */; };
		C08C541D1648584900D34A58 /* treebutton@2x.png in Resources */ = {isa = PBXBuildFile; fileRef = C08C54171648584900D34A58 /* treebutton@2x.png */; };
		C08C5420164858D800D34A58 /* topslice.png in Resources */ = {isa = PBXBuildFile; fileRef = C08C541E164858D800D34A58 /* topslice.png */; };
		C08C5421164858D800D34A58 /* topslice@2x.png in Resources */ = {isa = PBXBuildFile; fileRef = C08C541F164858D800D34A58 /* topslice@2x.png */; };
		C08C542316485A0C00D34A58 /* bottomslice@2x.png in Resources */ = {isa = PBXBuildFile; fileRef = C08C542216485A0C00D34A58 /* bottomslice@2x.png */; };
		C08C542516485A5A00D34A58 /* bottomslice.png in Resources */ = {isa = PBXBuildFile; fileRef = C08C542416485A5A00D34A58 /* bottomslice.png */; };
		C08C542816485A9200D34A58 /* CCCountdownViewController.m in Sources */ = {isa = PBXBuildFile; fileRef = C08C542716485A9200D34A58 /* CCCountdownViewController.m */; };
		C0D6CB6B1656C82D00EF5164 /* libzbar.a in Frameworks */ = {isa = PBXBuildFile; fileRef = C0D6CB651656C82D00EF5164 /* libzbar.a */; };
		C0D6CB6C1656C82D00EF5164 /* zbar-back.png in Resources */ = {isa = PBXBuildFile; fileRef = C0D6CB671656C82D00EF5164 /* zbar-back.png */; };
		C0D6CB6D1656C82D00EF5164 /* zbar-help.html in Resources */ = {isa = PBXBuildFile; fileRef = C0D6CB681656C82D00EF5164 /* zbar-help.html */; };
		C0D6CB6E1656C82D00EF5164 /* zbar-helpicons.png in Resources */ = {isa = PBXBuildFile; fileRef = C0D6CB691656C82D00EF5164 /* zbar-helpicons.png */; };
		C0D6CB6F1656C82D00EF5164 /* zbar-samples.png in Resources */ = {isa = PBXBuildFile; fileRef = C0D6CB6A1656C82D00EF5164 /* zbar-samples.png */; };
		C0D6CB73165AB9FA00EF5164 /* CCScannerViewController.m in Sources */ = {isa = PBXBuildFile; fileRef = C0D6CB72165AB9FA00EF5164 /* CCScannerViewController.m */; };
		C0D6CB78165ABF3A00EF5164 /* MBProgressHUD.m in Sources */ = {isa = PBXBuildFile; fileRef = C0D6CB75165ABB2700EF5164 /* MBProgressHUD.m */; };
		C0D6CB79165ABF4900EF5164 /* Reachability.m in Sources */ = {isa = PBXBuildFile; fileRef = C0D6CB77165ABD1D00EF5164 /* Reachability.m */; settings = {COMPILER_FLAGS = "-fno-objc-arc"; }; };
		C0D6CB7B165ABFB100EF5164 /* AVFoundation.framework in Frameworks */ = {isa = PBXBuildFile; fileRef = C0D6CB7A165ABFB100EF5164 /* AVFoundation.framework */; };
		C0D6CB7D165ABFBF00EF5164 /* CoreMedia.framework in Frameworks */ = {isa = PBXBuildFile; fileRef = C0D6CB7C165ABFBF00EF5164 /* CoreMedia.framework */; };
		C0D6CB7F165ABFC900EF5164 /* CoreVideo.framework in Frameworks */ = {isa = PBXBuildFile; fileRef = C0D6CB7E165ABFC900EF5164 /* CoreVideo.framework */; };
		C0D6CB81165ABFD300EF5164 /* QuartzCore.framework in Frameworks */ = {isa = PBXBuildFile; fileRef = C0D6CB80165ABFD300EF5164 /* QuartzCore.framework */; };
		C0D6CB83165ABFE200EF5164 /* libiconv.dylib in Frameworks */ = {isa = PBXBuildFile; fileRef = C0D6CB82165ABFE200EF5164 /* libiconv.dylib */; };
		C0D6CB85165AC01E00EF5164 /* CFNetwork.framework in Frameworks */ = {isa = PBXBuildFile; fileRef = C0D6CB84165AC01E00EF5164 /* CFNetwork.framework */; };
		C0D6CB87165AC02600EF5164 /* SystemConfiguration.framework in Frameworks */ = {isa = PBXBuildFile; fileRef = C0D6CB86165AC02600EF5164 /* SystemConfiguration.framework */; };
		C0D6CB8A165AC1A600EF5164 /* ListItem.m in Sources */ = {isa = PBXBuildFile; fileRef = C0D6CB89165AC0B900EF5164 /* ListItem.m */; };
/* End PBXBuildFile section */

/* Begin PBXFileReference section */
		C08C53AB1648414700D34A58 /* xmasWishlist.app */ = {isa = PBXFileReference; explicitFileType = wrapper.application; includeInIndex = 0; path = xmasWishlist.app; sourceTree = BUILT_PRODUCTS_DIR; };
		C08C53AF1648414700D34A58 /* UIKit.framework */ = {isa = PBXFileReference; lastKnownFileType = wrapper.framework; name = UIKit.framework; path = System/Library/Frameworks/UIKit.framework; sourceTree = SDKROOT; };
		C08C53B11648414700D34A58 /* Foundation.framework */ = {isa = PBXFileReference; lastKnownFileType = wrapper.framework; name = Foundation.framework; path = System/Library/Frameworks/Foundation.framework; sourceTree = SDKROOT; };
		C08C53B31648414700D34A58 /* CoreGraphics.framework */ = {isa = PBXFileReference; lastKnownFileType = wrapper.framework; name = CoreGraphics.framework; path = System/Library/Frameworks/CoreGraphics.framework; sourceTree = SDKROOT; };
		C08C53B51648414700D34A58 /* CoreData.framework */ = {isa = PBXFileReference; lastKnownFileType = wrapper.framework; name = CoreData.framework; path = System/Library/Frameworks/CoreData.framework; sourceTree = SDKROOT; };
		C08C53B91648414700D34A58 /* xmasWishlist-Info.plist */ = {isa = PBXFileReference; lastKnownFileType = text.plist.xml; path = "xmasWishlist-Info.plist"; sourceTree = "<group>"; };
		C08C53BB1648414700D34A58 /* en */ = {isa = PBXFileReference; lastKnownFileType = text.plist.strings; name = en; path = en.lproj/InfoPlist.strings; sourceTree = "<group>"; };
		C08C53BD1648414700D34A58 /* main.m */ = {isa = PBXFileReference; lastKnownFileType = sourcecode.c.objc; path = main.m; sourceTree = "<group>"; };
		C08C53BF1648414800D34A58 /* xmasWishlist-Prefix.pch */ = {isa = PBXFileReference; lastKnownFileType = sourcecode.c.h; path = "xmasWishlist-Prefix.pch"; sourceTree = "<group>"; };
		C08C53C01648414800D34A58 /* CCAppDelegate.h */ = {isa = PBXFileReference; lastKnownFileType = sourcecode.c.h; path = CCAppDelegate.h; sourceTree = "<group>"; };
		C08C53C11648414800D34A58 /* CCAppDelegate.m */ = {isa = PBXFileReference; lastKnownFileType = sourcecode.c.objc; path = CCAppDelegate.m; sourceTree = "<group>"; };
		C08C53C31648414800D34A58 /* Default.png */ = {isa = PBXFileReference; lastKnownFileType = image.png; path = Default.png; sourceTree = "<group>"; };
		C08C53C51648414800D34A58 /* Default@2x.png */ = {isa = PBXFileReference; lastKnownFileType = image.png; path = "Default@2x.png"; sourceTree = "<group>"; };
		C08C53C71648414800D34A58 /* Default-568h@2x.png */ = {isa = PBXFileReference; lastKnownFileType = image.png; path = "Default-568h@2x.png"; sourceTree = "<group>"; };
		C08C53CA1648414800D34A58 /* en */ = {isa = PBXFileReference; lastKnownFileType = file.storyboard; name = en; path = en.lproj/MainStoryboard.storyboard; sourceTree = "<group>"; };
		C08C53CD1648414800D34A58 /* xmasWishlist.xcdatamodel */ = {isa = PBXFileReference; lastKnownFileType = wrapper.xcdatamodel; path = xmasWishlist.xcdatamodel; sourceTree = "<group>"; };
		C08C53CF1648414800D34A58 /* CCMasterViewController.h */ = {isa = PBXFileReference; lastKnownFileType = sourcecode.c.h; path = CCMasterViewController.h; sourceTree = "<group>"; };
		C08C53D01648414800D34A58 /* CCMasterViewController.m */ = {isa = PBXFileReference; lastKnownFileType = sourcecode.c.objc; path = CCMasterViewController.m; sourceTree = "<group>"; };
		C08C53D21648414800D34A58 /* CCDetailViewController.h */ = {isa = PBXFileReference; lastKnownFileType = sourcecode.c.h; path = CCDetailViewController.h; sourceTree = "<group>"; };
		C08C53D31648414800D34A58 /* CCDetailViewController.m */ = {isa = PBXFileReference; lastKnownFileType = sourcecode.c.objc; path = CCDetailViewController.m; sourceTree = "<group>"; };
		C08C53E01648535800D34A58 /* backgroundDesign.png */ = {isa = PBXFileReference; lastKnownFileType = image.png; path = backgroundDesign.png; sourceTree = "<group>"; };
		C08C53E11648535800D34A58 /* backgroundDesign@2x.png */ = {isa = PBXFileReference; lastKnownFileType = image.png; path = "backgroundDesign@2x.png"; sourceTree = "<group>"; };
		C08C53E21648535800D34A58 /* Default.png */ = {isa = PBXFileReference; lastKnownFileType = image.png; path = Default.png; sourceTree = "<group>"; };
		C08C53E31648535800D34A58 /* Default@2x.png */ = {isa = PBXFileReference; lastKnownFileType = image.png; path = "Default@2x.png"; sourceTree = "<group>"; };
		C08C53E41648535800D34A58 /* Icon-72.png */ = {isa = PBXFileReference; lastKnownFileType = image.png; path = "Icon-72.png"; sourceTree = "<group>"; };
		C08C53E51648535800D34A58 /* Icon.png */ = {isa = PBXFileReference; lastKnownFileType = image.png; path = Icon.png; sourceTree = "<group>"; };
		C08C53E61648535800D34A58 /* Icon@2x.png */ = {isa = PBXFileReference; lastKnownFileType = image.png; path = "Icon@2x.png"; sourceTree = "<group>"; };
		C08C53E71648535800D34A58 /* listBackground.png */ = {isa = PBXFileReference; lastKnownFileType = image.png; path = listBackground.png; sourceTree = "<group>"; };
		C08C53E81648535800D34A58 /* listBackground@2x.png */ = {isa = PBXFileReference; lastKnownFileType = image.png; path = "listBackground@2x.png"; sourceTree = "<group>"; };
		C08C53E91648535800D34A58 /* scanBackground.png */ = {isa = PBXFileReference; lastKnownFileType = image.png; path = scanBackground.png; sourceTree = "<group>"; };
		C08C53EA1648535800D34A58 /* scanBackground@2x.png */ = {isa = PBXFileReference; lastKnownFileType = image.png; path = "scanBackground@2x.png"; sourceTree = "<group>"; };
		C08C54011648542F00D34A58 /* facebook.png */ = {isa = PBXFileReference; lastKnownFileType = image.png; path = facebook.png; sourceTree = "<group>"; };
		C08C54021648542F00D34A58 /* facebook@2x.png */ = {isa = PBXFileReference; lastKnownFileType = image.png; path = "facebook@2x.png"; sourceTree = "<group>"; };
		C08C54031648542F00D34A58 /* scanButton.png */ = {isa = PBXFileReference; lastKnownFileType = image.png; path = scanButton.png; sourceTree = "<group>"; };
		C08C54041648542F00D34A58 /* scanButton@2x.png */ = {isa = PBXFileReference; lastKnownFileType = image.png; path = "scanButton@2x.png"; sourceTree = "<group>"; };
		C08C54051648542F00D34A58 /* twitter.png */ = {isa = PBXFileReference; lastKnownFileType = image.png; path = twitter.png; sourceTree = "<group>"; };
		C08C54061648542F00D34A58 /* twitter@2x.png */ = {isa = PBXFileReference; lastKnownFileType = image.png; path = "twitter@2x.png"; sourceTree = "<group>"; };
		C08C540E1648583A00D34A58 /* bottom.png */ = {isa = PBXFileReference; lastKnownFileType = image.png; path = bottom.png; sourceTree = "<group>"; };
		C08C540F1648583A00D34A58 /* bottom@2x.png */ = {isa = PBXFileReference; lastKnownFileType = image.png; path = "bottom@2x.png"; sourceTree = "<group>"; };
		C08C54121648584900D34A58 /* boxbutton.png */ = {isa = PBXFileReference; lastKnownFileType = image.png; path = boxbutton.png; sourceTree = "<group>"; };
		C08C54131648584900D34A58 /* boxbutton@2x.png */ = {isa = PBXFileReference; lastKnownFileType = image.png; path = "boxbutton@2x.png"; sourceTree = "<group>"; };
		C08C54141648584900D34A58 /* calendarbutton.png */ = {isa = PBXFileReference; lastKnownFileType = image.png; path = calendarbutton.png; sourceTree = "<group>"; };
		C08C54151648584900D34A58 /* calendarbutton@2x.png */ = {isa = PBXFileReference; lastKnownFileType = image.png; path = "calendarbutton@2x.png"; sourceTree = "<group>"; };
		C08C54161648584900D34A58 /* treebutton.png */ = {isa = PBXFileReference; lastKnownFileType = image.png; path = treebutton.png; sourceTree = "<group>"; };
		C08C54171648584900D34A58 /* treebutton@2x.png */ = {isa = PBXFileReference; lastKnownFileType = image.png; path = "treebutton@2x.png"; sourceTree = "<group>"; };
		C08C541E164858D800D34A58 /* topslice.png */ = {isa = PBXFileReference; lastKnownFileType = image.png; path = topslice.png; sourceTree = "<group>"; };
		C08C541F164858D800D34A58 /* topslice@2x.png */ = {isa = PBXFileReference; lastKnownFileType = image.png; path = "topslice@2x.png"; sourceTree = "<group>"; };
		C08C542216485A0C00D34A58 /* bottomslice@2x.png */ = {isa = PBXFileReference; lastKnownFileType = image.png; path = "bottomslice@2x.png"; sourceTree = "<group>"; };
		C08C542416485A5A00D34A58 /* bottomslice.png */ = {isa = PBXFileReference; lastKnownFileType = image.png; path = bottomslice.png; sourceTree = "<group>"; };
		C08C542616485A9100D34A58 /* CCCountdownViewController.h */ = {isa = PBXFileReference; fileEncoding = 4; lastKnownFileType = sourcecode.c.h; path = CCCountdownViewController.h; sourceTree = "<group>"; };
		C08C542716485A9200D34A58 /* CCCountdownViewController.m */ = {isa = PBXFileReference; fileEncoding = 4; lastKnownFileType = sourcecode.c.objc; path = CCCountdownViewController.m; sourceTree = "<group>"; };
		C0D6CB511656C82D00EF5164 /* Decoder.h */ = {isa = PBXFileReference; fileEncoding = 4; lastKnownFileType = sourcecode.c.h; path = Decoder.h; sourceTree = "<group>"; };
		C0D6CB521656C82D00EF5164 /* Exception.h */ = {isa = PBXFileReference; fileEncoding = 4; lastKnownFileType = sourcecode.c.h; path = Exception.h; sourceTree = "<group>"; };
		C0D6CB531656C82D00EF5164 /* Image.h */ = {isa = PBXFileReference; fileEncoding = 4; lastKnownFileType = sourcecode.c.h; path = Image.h; sourceTree = "<group>"; };
		C0D6CB541656C82D00EF5164 /* ImageScanner.h */ = {isa = PBXFileReference; fileEncoding = 4; lastKnownFileType = sourcecode.c.h; path = ImageScanner.h; sourceTree = "<group>"; };
		C0D6CB551656C82D00EF5164 /* Processor.h */ = {isa = PBXFileReference; fileEncoding = 4; lastKnownFileType = sourcecode.c.h; path = Processor.h; sourceTree = "<group>"; };
		C0D6CB561656C82D00EF5164 /* Scanner.h */ = {isa = PBXFileReference; fileEncoding = 4; lastKnownFileType = sourcecode.c.h; path = Scanner.h; sourceTree = "<group>"; };
		C0D6CB571656C82D00EF5164 /* Symbol.h */ = {isa = PBXFileReference; fileEncoding = 4; lastKnownFileType = sourcecode.c.h; path = Symbol.h; sourceTree = "<group>"; };
		C0D6CB581656C82D00EF5164 /* Video.h */ = {isa = PBXFileReference; fileEncoding = 4; lastKnownFileType = sourcecode.c.h; path = Video.h; sourceTree = "<group>"; };
		C0D6CB591656C82D00EF5164 /* Window.h */ = {isa = PBXFileReference; fileEncoding = 4; lastKnownFileType = sourcecode.c.h; path = Window.h; sourceTree = "<group>"; };
		C0D6CB5A1656C82D00EF5164 /* zbar.h */ = {isa = PBXFileReference; fileEncoding = 4; lastKnownFileType = sourcecode.c.h; path = zbar.h; sourceTree = "<group>"; };
		C0D6CB5B1656C82D00EF5164 /* ZBarCameraSimulator.h */ = {isa = PBXFileReference; fileEncoding = 4; lastKnownFileType = sourcecode.c.h; path = ZBarCameraSimulator.h; sourceTree = "<group>"; };
		C0D6CB5C1656C82D00EF5164 /* ZBarCaptureReader.h */ = {isa = PBXFileReference; fileEncoding = 4; lastKnownFileType = sourcecode.c.h; path = ZBarCaptureReader.h; sourceTree = "<group>"; };
		C0D6CB5D1656C82D00EF5164 /* ZBarHelpController.h */ = {isa = PBXFileReference; fileEncoding = 4; lastKnownFileType = sourcecode.c.h; path = ZBarHelpController.h; sourceTree = "<group>"; };
		C0D6CB5E1656C82D00EF5164 /* ZBarImage.h */ = {isa = PBXFileReference; fileEncoding = 4; lastKnownFileType = sourcecode.c.h; path = ZBarImage.h; sourceTree = "<group>"; };
		C0D6CB5F1656C82D00EF5164 /* ZBarImageScanner.h */ = {isa = PBXFileReference; fileEncoding = 4; lastKnownFileType = sourcecode.c.h; path = ZBarImageScanner.h; sourceTree = "<group>"; };
		C0D6CB601656C82D00EF5164 /* ZBarReaderController.h */ = {isa = PBXFileReference; fileEncoding = 4; lastKnownFileType = sourcecode.c.h; path = ZBarReaderController.h; sourceTree = "<group>"; };
		C0D6CB611656C82D00EF5164 /* ZBarReaderView.h */ = {isa = PBXFileReference; fileEncoding = 4; lastKnownFileType = sourcecode.c.h; path = ZBarReaderView.h; sourceTree = "<group>"; };
		C0D6CB621656C82D00EF5164 /* ZBarReaderViewController.h */ = {isa = PBXFileReference; fileEncoding = 4; lastKnownFileType = sourcecode.c.h; path = ZBarReaderViewController.h; sourceTree = "<group>"; };
		C0D6CB631656C82D00EF5164 /* ZBarSDK.h */ = {isa = PBXFileReference; fileEncoding = 4; lastKnownFileType = sourcecode.c.h; path = ZBarSDK.h; sourceTree = "<group>"; };
		C0D6CB641656C82D00EF5164 /* ZBarSymbol.h */ = {isa = PBXFileReference; fileEncoding = 4; lastKnownFileType = sourcecode.c.h; path = ZBarSymbol.h; sourceTree = "<group>"; };
		C0D6CB651656C82D00EF5164 /* libzbar.a */ = {isa = PBXFileReference; lastKnownFileType = archive.ar; path = libzbar.a; sourceTree = "<group>"; };
		C0D6CB671656C82D00EF5164 /* zbar-back.png */ = {isa = PBXFileReference; lastKnownFileType = image.png; path = "zbar-back.png"; sourceTree = "<group>"; };
		C0D6CB681656C82D00EF5164 /* zbar-help.html */ = {isa = PBXFileReference; fileEncoding = 4; lastKnownFileType = text.html; path = "zbar-help.html"; sourceTree = "<group>"; };
		C0D6CB691656C82D00EF5164 /* zbar-helpicons.png */ = {isa = PBXFileReference; lastKnownFileType = image.png; path = "zbar-helpicons.png"; sourceTree = "<group>"; };
		C0D6CB6A1656C82D00EF5164 /* zbar-samples.png */ = {isa = PBXFileReference; lastKnownFileType = image.png; path = "zbar-samples.png"; sourceTree = "<group>"; };
		C0D6CB71165AB9FA00EF5164 /* CCScannerViewController.h */ = {isa = PBXFileReference; fileEncoding = 4; lastKnownFileType = sourcecode.c.h; path = CCScannerViewController.h; sourceTree = "<group>"; };
		C0D6CB72165AB9FA00EF5164 /* CCScannerViewController.m */ = {isa = PBXFileReference; fileEncoding = 4; lastKnownFileType = sourcecode.c.objc; path = CCScannerViewController.m; sourceTree = "<group>"; };
		C0D6CB74165ABB2700EF5164 /* MBProgressHUD.h */ = {isa = PBXFileReference; lastKnownFileType = sourcecode.c.h; path = MBProgressHUD.h; sourceTree = "<group>"; };
		C0D6CB75165ABB2700EF5164 /* MBProgressHUD.m */ = {isa = PBXFileReference; lastKnownFileType = sourcecode.c.objc; path = MBProgressHUD.m; sourceTree = "<group>"; };
		C0D6CB76165ABD1D00EF5164 /* Reachability.h */ = {isa = PBXFileReference; lastKnownFileType = sourcecode.c.h; path = Reachability.h; sourceTree = "<group>"; };
		C0D6CB77165ABD1D00EF5164 /* Reachability.m */ = {isa = PBXFileReference; lastKnownFileType = sourcecode.c.objc; path = Reachability.m; sourceTree = "<group>"; };
		C0D6CB7A165ABFB100EF5164 /* AVFoundation.framework */ = {isa = PBXFileReference; lastKnownFileType = wrapper.framework; name = AVFoundation.framework; path = System/Library/Frameworks/AVFoundation.framework; sourceTree = SDKROOT; };
		C0D6CB7C165ABFBF00EF5164 /* CoreMedia.framework */ = {isa = PBXFileReference; lastKnownFileType = wrapper.framework; name = CoreMedia.framework; path = System/Library/Frameworks/CoreMedia.framework; sourceTree = SDKROOT; };
		C0D6CB7E165ABFC900EF5164 /* CoreVideo.framework */ = {isa = PBXFileReference; lastKnownFileType = wrapper.framework; name = CoreVideo.framework; path = System/Library/Frameworks/CoreVideo.framework; sourceTree = SDKROOT; };
		C0D6CB80165ABFD300EF5164 /* QuartzCore.framework */ = {isa = PBXFileReference; lastKnownFileType = wrapper.framework; name = QuartzCore.framework; path = System/Library/Frameworks/QuartzCore.framework; sourceTree = SDKROOT; };
		C0D6CB82165ABFE200EF5164 /* libiconv.dylib */ = {isa = PBXFileReference; lastKnownFileType = "compiled.mach-o.dylib"; name = libiconv.dylib; path = usr/lib/libiconv.dylib; sourceTree = SDKROOT; };
		C0D6CB84165AC01E00EF5164 /* CFNetwork.framework */ = {isa = PBXFileReference; lastKnownFileType = wrapper.framework; name = CFNetwork.framework; path = System/Library/Frameworks/CFNetwork.framework; sourceTree = SDKROOT; };
		C0D6CB86165AC02600EF5164 /* SystemConfiguration.framework */ = {isa = PBXFileReference; lastKnownFileType = wrapper.framework; name = SystemConfiguration.framework; path = System/Library/Frameworks/SystemConfiguration.framework; sourceTree = SDKROOT; };
		C0D6CB88165AC0B900EF5164 /* ListItem.h */ = {isa = PBXFileReference; lastKnownFileType = sourcecode.c.h; path = ListItem.h; sourceTree = "<group>"; };
		C0D6CB89165AC0B900EF5164 /* ListItem.m */ = {isa = PBXFileReference; lastKnownFileType = sourcecode.c.objc; path = ListItem.m; sourceTree = "<group>"; };
/* End PBXFileReference section */

/* Begin PBXFrameworksBuildPhase section */
		C08C53A81648414700D34A58 /* Frameworks */ = {
			isa = PBXFrameworksBuildPhase;
			buildActionMask = 2147483647;
			files = (
				C0D6CB87165AC02600EF5164 /* SystemConfiguration.framework in Frameworks */,
				C0D6CB85165AC01E00EF5164 /* CFNetwork.framework in Frameworks */,
				C0D6CB83165ABFE200EF5164 /* libiconv.dylib in Frameworks */,
				C0D6CB81165ABFD300EF5164 /* QuartzCore.framework in Frameworks */,
				C0D6CB7F165ABFC900EF5164 /* CoreVideo.framework in Frameworks */,
				C0D6CB7D165ABFBF00EF5164 /* CoreMedia.framework in Frameworks */,
				C0D6CB7B165ABFB100EF5164 /* AVFoundation.framework in Frameworks */,
				C08C53B01648414700D34A58 /* UIKit.framework in Frameworks */,
				C08C53B21648414700D34A58 /* Foundation.framework in Frameworks */,
				C08C53B41648414700D34A58 /* CoreGraphics.framework in Frameworks */,
				C08C53B61648414700D34A58 /* CoreData.framework in Frameworks */,
				C0D6CB6B1656C82D00EF5164 /* libzbar.a in Frameworks */,
			);
			runOnlyForDeploymentPostprocessing = 0;
		};
/* End PBXFrameworksBuildPhase section */

/* Begin PBXGroup section */
		C08C53A01648414700D34A58 = {
			isa = PBXGroup;
			children = (
				C0D6CB4C1656C82D00EF5164 /* ZBarSDK */,
				C08C53B71648414700D34A58 /* xmasWishlist */,
				C08C53AE1648414700D34A58 /* Frameworks */,
				C08C53AC1648414700D34A58 /* Products */,
			);
			sourceTree = "<group>";
		};
		C08C53AC1648414700D34A58 /* Products */ = {
			isa = PBXGroup;
			children = (
				C08C53AB1648414700D34A58 /* xmasWishlist.app */,
			);
			name = Products;
			sourceTree = "<group>";
		};
		C08C53AE1648414700D34A58 /* Frameworks */ = {
			isa = PBXGroup;
			children = (
				C0D6CB82165ABFE200EF5164 /* libiconv.dylib */,
				C0D6CB86165AC02600EF5164 /* SystemConfiguration.framework */,
				C0D6CB84165AC01E00EF5164 /* CFNetwork.framework */,
				C0D6CB80165ABFD300EF5164 /* QuartzCore.framework */,
				C0D6CB7E165ABFC900EF5164 /* CoreVideo.framework */,
				C0D6CB7C165ABFBF00EF5164 /* CoreMedia.framework */,
				C0D6CB7A165ABFB100EF5164 /* AVFoundation.framework */,
				C08C53AF1648414700D34A58 /* UIKit.framework */,
				C08C53B11648414700D34A58 /* Foundation.framework */,
				C08C53B31648414700D34A58 /* CoreGraphics.framework */,
				C08C53B51648414700D34A58 /* CoreData.framework */,
			);
			name = Frameworks;
			sourceTree = "<group>";
		};
		C08C53B71648414700D34A58 /* xmasWishlist */ = {
			isa = PBXGroup;
			children = (
				C08C53DE16484F0B00D34A58 /* Graphics */,
				C08C53C01648414800D34A58 /* CCAppDelegate.h */,
				C08C53C11648414800D34A58 /* CCAppDelegate.m */,
				C08C542616485A9100D34A58 /* CCCountdownViewController.h */,
				C08C542716485A9200D34A58 /* CCCountdownViewController.m */,
				C08C53C91648414800D34A58 /* MainStoryboard.storyboard */,
				C0D6CB71165AB9FA00EF5164 /* CCScannerViewController.h */,
				C0D6CB72165AB9FA00EF5164 /* CCScannerViewController.m */,
				C08C53CF1648414800D34A58 /* CCMasterViewController.h */,
				C08C53D01648414800D34A58 /* CCMasterViewController.m */,
				C08C53D21648414800D34A58 /* CCDetailViewController.h */,
				C08C53D31648414800D34A58 /* CCDetailViewController.m */,
				C08C53CC1648414800D34A58 /* xmasWishlist.xcdatamodeld */,
				C0D6CB74165ABB2700EF5164 /* MBProgressHUD.h */,
				C0D6CB75165ABB2700EF5164 /* MBProgressHUD.m */,
				C0D6CB76165ABD1D00EF5164 /* Reachability.h */,
				C0D6CB77165ABD1D00EF5164 /* Reachability.m */,
				C0D6CB88165AC0B900EF5164 /* ListItem.h */,
				C0D6CB89165AC0B900EF5164 /* ListItem.m */,
				C08C53B81648414700D34A58 /* Supporting Files */,
			);
			path = xmasWishlist;
			sourceTree = "<group>";
		};
		C08C53B81648414700D34A58 /* Supporting Files */ = {
			isa = PBXGroup;
			children = (
				C08C53B91648414700D34A58 /* xmasWishlist-Info.plist */,
				C08C53BA1648414700D34A58 /* InfoPlist.strings */,
				C08C53BD1648414700D34A58 /* main.m */,
				C08C53BF1648414800D34A58 /* xmasWishlist-Prefix.pch */,
				C08C53C31648414800D34A58 /* Default.png */,
				C08C53C51648414800D34A58 /* Default@2x.png */,
				C08C53C71648414800D34A58 /* Default-568h@2x.png */,
			);
			name = "Supporting Files";
			sourceTree = "<group>";
		};
		C08C53DE16484F0B00D34A58 /* Graphics */ = {
			isa = PBXGroup;
			children = (
				C08C540D1648543500D34A58 /* Elements */,
				C08C54001648541A00D34A58 /* Buttons */,
				C08C53DF16484F1400D34A58 /* Backgrounds */,
			);
			name = Graphics;
			sourceTree = "<group>";
		};
		C08C53DF16484F1400D34A58 /* Backgrounds */ = {
			isa = PBXGroup;
			children = (
				C08C540E1648583A00D34A58 /* bottom.png */,
				C08C540F1648583A00D34A58 /* bottom@2x.png */,
				C08C53E01648535800D34A58 /* backgroundDesign.png */,
				C08C53E11648535800D34A58 /* backgroundDesign@2x.png */,
				C08C53E21648535800D34A58 /* Default.png */,
				C08C53E31648535800D34A58 /* Default@2x.png */,
				C08C53E41648535800D34A58 /* Icon-72.png */,
				C08C53E51648535800D34A58 /* Icon.png */,
				C08C53E61648535800D34A58 /* Icon@2x.png */,
				C08C53E71648535800D34A58 /* listBackground.png */,
				C08C53E81648535800D34A58 /* listBackground@2x.png */,
				C08C53E91648535800D34A58 /* scanBackground.png */,
				C08C53EA1648535800D34A58 /* scanBackground@2x.png */,
			);
			name = Backgrounds;
			sourceTree = "<group>";
		};
		C08C54001648541A00D34A58 /* Buttons */ = {
			isa = PBXGroup;
			children = (
				C08C54011648542F00D34A58 /* facebook.png */,
				C08C54021648542F00D34A58 /* facebook@2x.png */,
				C08C54031648542F00D34A58 /* scanButton.png */,
				C08C54041648542F00D34A58 /* scanButton@2x.png */,
				C08C54051648542F00D34A58 /* twitter.png */,
				C08C54061648542F00D34A58 /* twitter@2x.png */,
			);
			name = Buttons;
			sourceTree = "<group>";
		};
		C08C540D1648543500D34A58 /* Elements */ = {
			isa = PBXGroup;
			children = (
				C08C541E164858D800D34A58 /* topslice.png */,
				C08C541F164858D800D34A58 /* topslice@2x.png */,
				C08C542416485A5A00D34A58 /* bottomslice.png */,
				C08C542216485A0C00D34A58 /* bottomslice@2x.png */,
				C08C54121648584900D34A58 /* boxbutton.png */,
				C08C54131648584900D34A58 /* boxbutton@2x.png */,
				C08C54141648584900D34A58 /* calendarbutton.png */,
				C08C54151648584900D34A58 /* calendarbutton@2x.png */,
				C08C54161648584900D34A58 /* treebutton.png */,
				C08C54171648584900D34A58 /* treebutton@2x.png */,
			);
			name = Elements;
			sourceTree = "<group>";
		};
		C0D6CB4C1656C82D00EF5164 /* ZBarSDK */ = {
			isa = PBXGroup;
			children = (
				C0D6CB4D1656C82D00EF5164 /* Calendar */,
				C0D6CB4E1656C82D00EF5164 /* Headers */,
				C0D6CB651656C82D00EF5164 /* libzbar.a */,
				C0D6CB661656C82D00EF5164 /* Resources */,
			);
			path = ZBarSDK;
			sourceTree = "<group>";
		};
		C0D6CB4D1656C82D00EF5164 /* Calendar */ = {
			isa = PBXGroup;
			children = (
			);
			path = Calendar;
			sourceTree = "<group>";
		};
		C0D6CB4E1656C82D00EF5164 /* Headers */ = {
			isa = PBXGroup;
			children = (
				C0D6CB4F1656C82D00EF5164 /* ZBarSDK */,
			);
			path = Headers;
			sourceTree = "<group>";
		};
		C0D6CB4F1656C82D00EF5164 /* ZBarSDK */ = {
			isa = PBXGroup;
			children = (
				C0D6CB501656C82D00EF5164 /* zbar */,
				C0D6CB5A1656C82D00EF5164 /* zbar.h */,
				C0D6CB5B1656C82D00EF5164 /* ZBarCameraSimulator.h */,
				C0D6CB5C1656C82D00EF5164 /* ZBarCaptureReader.h */,
				C0D6CB5D1656C82D00EF5164 /* ZBarHelpController.h */,
				C0D6CB5E1656C82D00EF5164 /* ZBarImage.h */,
				C0D6CB5F1656C82D00EF5164 /* ZBarImageScanner.h */,
				C0D6CB601656C82D00EF5164 /* ZBarReaderController.h */,
				C0D6CB611656C82D00EF5164 /* ZBarReaderView.h */,
				C0D6CB621656C82D00EF5164 /* ZBarReaderViewController.h */,
				C0D6CB631656C82D00EF5164 /* ZBarSDK.h */,
				C0D6CB641656C82D00EF5164 /* ZBarSymbol.h */,
			);
			path = ZBarSDK;
			sourceTree = "<group>";
		};
		C0D6CB501656C82D00EF5164 /* zbar */ = {
			isa = PBXGroup;
			children = (
				C0D6CB511656C82D00EF5164 /* Decoder.h */,
				C0D6CB521656C82D00EF5164 /* Exception.h */,
				C0D6CB531656C82D00EF5164 /* Image.h */,
				C0D6CB541656C82D00EF5164 /* ImageScanner.h */,
				C0D6CB551656C82D00EF5164 /* Processor.h */,
				C0D6CB561656C82D00EF5164 /* Scanner.h */,
				C0D6CB571656C82D00EF5164 /* Symbol.h */,
				C0D6CB581656C82D00EF5164 /* Video.h */,
				C0D6CB591656C82D00EF5164 /* Window.h */,
			);
			path = zbar;
			sourceTree = "<group>";
		};
		C0D6CB661656C82D00EF5164 /* Resources */ = {
			isa = PBXGroup;
			children = (
				C0D6CB671656C82D00EF5164 /* zbar-back.png */,
				C0D6CB681656C82D00EF5164 /* zbar-help.html */,
				C0D6CB691656C82D00EF5164 /* zbar-helpicons.png */,
				C0D6CB6A1656C82D00EF5164 /* zbar-samples.png */,
			);
			path = Resources;
			sourceTree = "<group>";
		};
/* End PBXGroup section */

/* Begin PBXNativeTarget section */
		C08C53AA1648414700D34A58 /* xmasWishlist */ = {
			isa = PBXNativeTarget;
			buildConfigurationList = C08C53D71648414800D34A58 /* Build configuration list for PBXNativeTarget "xmasWishlist" */;
			buildPhases = (
				C08C53A71648414700D34A58 /* Sources */,
				C08C53A81648414700D34A58 /* Frameworks */,
				C08C53A91648414700D34A58 /* Resources */,
			);
			buildRules = (
			);
			dependencies = (
			);
			name = xmasWishlist;
			productName = xmasWishlist;
			productReference = C08C53AB1648414700D34A58 /* xmasWishlist.app */;
			productType = "com.apple.product-type.application";
		};
/* End PBXNativeTarget section */

/* Begin PBXProject section */
		C08C53A21648414700D34A58 /* Project object */ = {
			isa = PBXProject;
			attributes = {
				CLASSPREFIX = CC;
				LastUpgradeCheck = 0450;
				ORGANIZATIONNAME = "Csaba Csordas";
			};
			buildConfigurationList = C08C53A51648414700D34A58 /* Build configuration list for PBXProject "xmasWishlist" */;
			compatibilityVersion = "Xcode 3.2";
			developmentRegion = English;
			hasScannedForEncodings = 0;
			knownRegions = (
				en,
			);
			mainGroup = C08C53A01648414700D34A58;
			productRefGroup = C08C53AC1648414700D34A58 /* Products */;
			projectDirPath = "";
			projectRoot = "";
			targets = (
				C08C53AA1648414700D34A58 /* xmasWishlist */,
			);
		};
/* End PBXProject section */

/* Begin PBXResourcesBuildPhase section */
		C08C53A91648414700D34A58 /* Resources */ = {
			isa = PBXResourcesBuildPhase;
			buildActionMask = 2147483647;
			files = (
				C08C53BC1648414700D34A58 /* InfoPlist.strings in Resources */,
				C08C53C41648414800D34A58 /* Default.png in Resources */,
				C08C53C61648414800D34A58 /* Default@2x.png in Resources */,
				C08C53C81648414800D34A58 /* Default-568h@2x.png in Resources */,
				C08C53CB1648414800D34A58 /* MainStoryboard.storyboard in Resources */,
				C08C53EB1648535800D34A58 /* backgroundDesign.png in Resources */,
				C08C53EC1648535800D34A58 /* backgroundDesign@2x.png in Resources */,
				C08C53ED1648535800D34A58 /* Default.png in Resources */,
				C08C53EE1648535800D34A58 /* Default@2x.png in Resources */,
				C08C53EF1648535800D34A58 /* Icon-72.png in Resources */,
				C08C53F01648535800D34A58 /* Icon.png in Resources */,
				C08C53F11648535800D34A58 /* Icon@2x.png in Resources */,
				C08C53F21648535800D34A58 /* listBackground.png in Resources */,
				C08C53F31648535800D34A58 /* listBackground@2x.png in Resources */,
				C08C53F41648535800D34A58 /* scanBackground.png in Resources */,
				C08C53F51648535800D34A58 /* scanBackground@2x.png in Resources */,
				C08C54071648542F00D34A58 /* facebook.png in Resources */,
				C08C54081648542F00D34A58 /* facebook@2x.png in Resources */,
				C08C54091648542F00D34A58 /* scanButton.png in Resources */,
				C08C540A1648542F00D34A58 /* scanButton@2x.png in Resources */,
				C08C540B1648542F00D34A58 /* twitter.png in Resources */,
				C08C540C1648542F00D34A58 /* twitter@2x.png in Resources */,
				C08C54101648583A00D34A58 /* bottom.png in Resources */,
				C08C54111648583A00D34A58 /* bottom@2x.png in Resources */,
				C08C54181648584900D34A58 /* boxbutton.png in Resources */,
				C08C54191648584900D34A58 /* boxbutton@2x.png in Resources */,
				C08C541A1648584900D34A58 /* calendarbutton.png in Resources */,
				C08C541B1648584900D34A58 /* calendarbutton@2x.png in Resources */,
				C08C541C1648584900D34A58 /* treebutton.png in Resources */,
				C08C541D1648584900D34A58 /* treebutton@2x.png in Resources */,
				C08C5420164858D800D34A58 /* topslice.png in Resources */,
				C08C5421164858D800D34A58 /* topslice@2x.png in Resources */,
				C08C542316485A0C00D34A58 /* bottomslice@2x.png in Resources */,
				C08C542516485A5A00D34A58 /* bottomslice.png in Resources */,
				C0D6CB6C1656C82D00EF5164 /* zbar-back.png in Resources */,
				C0D6CB6D1656C82D00EF5164 /* zbar-help.html in Resources */,
				C0D6CB6E1656C82D00EF5164 /* zbar-helpicons.png in Resources */,
				C0D6CB6F1656C82D00EF5164 /* zbar-samples.png in Resources */,
			);
			runOnlyForDeploymentPostprocessing = 0;
		};
/* End PBXResourcesBuildPhase section */

/* Begin PBXSourcesBuildPhase section */
		C08C53A71648414700D34A58 /* Sources */ = {
			isa = PBXSourcesBuildPhase;
			buildActionMask = 2147483647;
			files = (
				C0D6CB8A165AC1A600EF5164 /* ListItem.m in Sources */,
				C0D6CB79165ABF4900EF5164 /* Reachability.m in Sources */,
				C0D6CB78165ABF3A00EF5164 /* MBProgressHUD.m in Sources */,
				C08C53BE1648414700D34A58 /* main.m in Sources */,
				C08C53C21648414800D34A58 /* CCAppDelegate.m in Sources */,
				C08C53CE1648414800D34A58 /* xmasWishlist.xcdatamodeld in Sources */,
				C08C53D11648414800D34A58 /* CCMasterViewController.m in Sources */,
				C08C53D41648414800D34A58 /* CCDetailViewController.m in Sources */,
				C08C542816485A9200D34A58 /* CCCountdownViewController.m in Sources */,
				C0D6CB73165AB9FA00EF5164 /* CCScannerViewController.m in Sources */,
			);
			runOnlyForDeploymentPostprocessing = 0;
		};
/* End PBXSourcesBuildPhase section */

/* Begin PBXVariantGroup section */
		C08C53BA1648414700D34A58 /* InfoPlist.strings */ = {
			isa = PBXVariantGroup;
			children = (
				C08C53BB1648414700D34A58 /* en */,
			);
			name = InfoPlist.strings;
			sourceTree = "<group>";
		};
		C08C53C91648414800D34A58 /* MainStoryboard.storyboard */ = {
			isa = PBXVariantGroup;
			children = (
				C08C53CA1648414800D34A58 /* en */,
			);
			name = MainStoryboard.storyboard;
			sourceTree = "<group>";
		};
/* End PBXVariantGroup section */

/* Begin XCBuildConfiguration section */
		C08C53D51648414800D34A58 /* Debug */ = {
			isa = XCBuildConfiguration;
			buildSettings = {
				ALWAYS_SEARCH_USER_PATHS = NO;
				CLANG_CXX_LANGUAGE_STANDARD = "gnu++0x";
				CLANG_CXX_LIBRARY = "libc++";
				CLANG_ENABLE_OBJC_ARC = YES;
				CLANG_WARN_EMPTY_BODY = YES;
				CLANG_WARN__DUPLICATE_METHOD_MATCH = YES;
				"CODE_SIGN_IDENTITY[sdk=iphoneos*]" = "iPhone Developer";
				COPY_PHASE_STRIP = NO;
				GCC_C_LANGUAGE_STANDARD = gnu99;
				GCC_DYNAMIC_NO_PIC = NO;
				GCC_OPTIMIZATION_LEVEL = 0;
				GCC_PREPROCESSOR_DEFINITIONS = (
					"DEBUG=1",
					"$(inherited)",
				);
				GCC_SYMBOLS_PRIVATE_EXTERN = NO;
				GCC_WARN_ABOUT_RETURN_TYPE = YES;
				GCC_WARN_UNINITIALIZED_AUTOS = YES;
				GCC_WARN_UNUSED_VARIABLE = YES;
				IPHONEOS_DEPLOYMENT_TARGET = 6.0;
				ONLY_ACTIVE_ARCH = YES;
				SDKROOT = iphoneos;
			};
			name = Debug;
		};
		C08C53D61648414800D34A58 /* Release */ = {
			isa = XCBuildConfiguration;
			buildSettings = {
				ALWAYS_SEARCH_USER_PATHS = NO;
				CLANG_CXX_LANGUAGE_STANDARD = "gnu++0x";
				CLANG_CXX_LIBRARY = "libc++";
				CLANG_ENABLE_OBJC_ARC = YES;
				CLANG_WARN_EMPTY_BODY = YES;
				CLANG_WARN__DUPLICATE_METHOD_MATCH = YES;
				"CODE_SIGN_IDENTITY[sdk=iphoneos*]" = "iPhone Developer";
				COPY_PHASE_STRIP = YES;
				GCC_C_LANGUAGE_STANDARD = gnu99;
				GCC_WARN_ABOUT_RETURN_TYPE = YES;
				GCC_WARN_UNINITIALIZED_AUTOS = YES;
				GCC_WARN_UNUSED_VARIABLE = YES;
				IPHONEOS_DEPLOYMENT_TARGET = 6.0;
				OTHER_CFLAGS = "-DNS_BLOCK_ASSERTIONS=1";
				SDKROOT = iphoneos;
				VALIDATE_PRODUCT = YES;
			};
			name = Release;
		};
		C08C53D81648414800D34A58 /* Debug */ = {
			isa = XCBuildConfiguration;
			buildSettings = {
				GCC_PRECOMPILE_PREFIX_HEADER = YES;
				GCC_PREFIX_HEADER = "xmasWishlist/xmasWishlist-Prefix.pch";
				INFOPLIST_FILE = "xmasWishlist/xmasWishlist-Info.plist";
				IPHONEOS_DEPLOYMENT_TARGET = 5.0;
				LIBRARY_SEARCH_PATHS = (
					"$(inherited)",
					"\"$(SRCROOT)/ZBarSDK\"",
				);
				PRODUCT_NAME = "$(TARGET_NAME)";
				WRAPPER_EXTENSION = app;
			};
			name = Debug;
		};
		C08C53D91648414800D34A58 /* Release */ = {
			isa = XCBuildConfiguration;
			buildSettings = {
				GCC_PRECOMPILE_PREFIX_HEADER = YES;
				GCC_PREFIX_HEADER = "xmasWishlist/xmasWishlist-Prefix.pch";
				INFOPLIST_FILE = "xmasWishlist/xmasWishlist-Info.plist";
				IPHONEOS_DEPLOYMENT_TARGET = 5.0;
				LIBRARY_SEARCH_PATHS = (
					"$(inherited)",
					"\"$(SRCROOT)/ZBarSDK\"",
				);
				PRODUCT_NAME = "$(TARGET_NAME)";
				WRAPPER_EXTENSION = app;
			};
			name = Release;
		};
/* End XCBuildConfiguration section */

/* Begin XCConfigurationList section */
		C08C53A51648414700D34A58 /* Build configuration list for PBXProject "xmasWishlist" */ = {
			isa = XCConfigurationList;
			buildConfigurations = (
				C08C53D51648414800D34A58 /* Debug */,
				C08C53D61648414800D34A58 /* Release */,
			);
			defaultConfigurationIsVisible = 0;
			defaultConfigurationName = Release;
		};
		C08C53D71648414800D34A58 /* Build configuration list for PBXNativeTarget "xmasWishlist" */ = {
			isa = XCConfigurationList;
			buildConfigurations = (
				C08C53D81648414800D34A58 /* Debug */,
				C08C53D91648414800D34A58 /* Release */,
			);
			defaultConfigurationIsVisible = 0;
			defaultConfigurationName = Release;
		};
/* End XCConfigurationList section */

/* Begin XCVersionGroup section */
		C08C53CC1648414800D34A58 /* xmasWishlist.xcdatamodeld */ = {
			isa = XCVersionGroup;
			children = (
				C08C53CD1648414800D34A58 /* xmasWishlist.xcdatamodel */,
			);
			currentVersion = C08C53CD1648414800D34A58 /* xmasWishlist.xcdatamodel */;
			path = xmasWishlist.xcdatamodeld;
			sourceTree = "<group>";
			versionGroupType = wrapper.xcdatamodel;
		};
/* End XCVersionGroup section */
	};
	rootObject = C08C53A21648414700D34A58 /* Project object */;
}
